
Microsoft Visual Studio Solution File, Format Version 12.00
# Visual Studio 15
VisualStudioVersion = 15.0.28307.489
MinimumVisualStudioVersion = 10.0.40219.1
Project("{FAE04EC0-301F-11D3-BF4B-00C04F79EFBC}") = "DemoAppPredica.Web", "DemoAppPredica.Web\DemoAppPredica.Web.csproj", "{7C7827A8-7FC8-4774-8F3E-39AB2A8A117D}"
EndProject
Project("{FAE04EC0-301F-11D3-BF4B-00C04F79EFBC}") = "DemoAppPredica.Api", "DemoAppPredica.Api\DemoAppPredica.Api.csproj", "{A1338276-7348-4FB1-870F-5AFAF6BCC003}"
EndProject
Project("{2150E333-8FDC-42A3-9474-1A3956D46DE8}") = "Processing", "Processing", "{B0D0D712-2C47-41B1-808E-432DF45F590E}"
EndProject
Project("{2150E333-8FDC-42A3-9474-1A3956D46DE8}") = "Data", "Data", "{CA3C6636-CFC7-452B-9B05-1B70A069B846}"
EndProject
Project("{2150E333-8FDC-42A3-9474-1A3956D46DE8}") = "Models", "Models", "{3FAA2F91-3525-4995-ADFE-009A3B8AF6CC}"
EndProject
Project("{FAE04EC0-301F-11D3-BF4B-00C04F79EFBC}") = "DemoAppPredica.Processing", "DemoAppPredica.Processing\DemoAppPredica.Processing.csproj", "{7C942346-D945-400C-8BE4-E6114DEA77FB}"
EndProject
Project("{FAE04EC0-301F-11D3-BF4B-00C04F79EFBC}") = "DemoAppPredica.Models", "DemoAppPredica.Models\DemoAppPredica.Models.csproj", "{C07D880F-AA0D-495B-817B-92565E6BF125}"
EndProject
Project("{FAE04EC0-301F-11D3-BF4B-00C04F79EFBC}") = "DemoAppPredica.Data", "DemoAppPredica.Data\DemoAppPredica.Data.csproj", "{6DFC041F-A197-4924-8682-D720BC51EAED}"
EndProject
Global
	GlobalSection(SolutionConfigurationPlatforms) = preSolution
		Debug|Any CPU = Debug|Any CPU
		Release|Any CPU = Release|Any CPU
	EndGlobalSection
	GlobalSection(ProjectConfigurationPlatforms) = postSolution
		{7C7827A8-7FC8-4774-8F3E-39AB2A8A117D}.Debug|Any CPU.ActiveCfg = Debug|Any CPU
		{7C7827A8-7FC8-4774-8F3E-39AB2A8A117D}.Debug|Any CPU.Build.0 = Debug|Any CPU
		{7C7827A8-7FC8-4774-8F3E-39AB2A8A117D}.Release|Any CPU.ActiveCfg = Release|Any CPU
		{7C7827A8-7FC8-4774-8F3E-39AB2A8A117D}.Release|Any CPU.Build.0 = Release|Any CPU
		{A1338276-7348-4FB1-870F-5AFAF6BCC003}.Debug|Any CPU.ActiveCfg = Debug|Any CPU
		{A1338276-7348-4FB1-870F-5AFAF6BCC003}.Debug|Any CPU.Build.0 = Debug|Any CPU
		{A1338276-7348-4FB1-870F-5AFAF6BCC003}.Release|Any CPU.ActiveCfg = Release|Any CPU
		{A1338276-7348-4FB1-870F-5AFAF6BCC003}.Release|Any CPU.Build.0 = Release|Any CPU
		{7C942346-D945-400C-8BE4-E6114DEA77FB}.Debug|Any CPU.ActiveCfg = Debug|Any CPU
		{7C942346-D945-400C-8BE4-E6114DEA77FB}.Debug|Any CPU.Build.0 = Debug|Any CPU
		{7C942346-D945-400C-8BE4-E6114DEA77FB}.Release|Any CPU.ActiveCfg = Release|Any CPU
		{7C942346-D945-400C-8BE4-E6114DEA77FB}.Release|Any CPU.Build.0 = Release|Any CPU
		{C07D880F-AA0D-495B-817B-92565E6BF125}.Debug|Any CPU.ActiveCfg = Debug|Any CPU
		{C07D880F-AA0D-495B-817B-92565E6BF125}.Debug|Any CPU.Build.0 = Debug|Any CPU
		{C07D880F-AA0D-495B-817B-92565E6BF125}.Release|Any CPU.ActiveCfg = Release|Any CPU
		{C07D880F-AA0D-495B-817B-92565E6BF125}.Release|Any CPU.Build.0 = Release|Any CPU
		{6DFC041F-A197-4924-8682-D720BC51EAED}.Debug|Any CPU.ActiveCfg = Debug|Any CPU
		{6DFC041F-A197-4924-8682-D720BC51EAED}.Debug|Any CPU.Build.0 = Debug|Any CPU
		{6DFC041F-A197-4924-8682-D720BC51EAED}.Release|Any CPU.ActiveCfg = Release|Any CPU
		{6DFC041F-A197-4924-8682-D720BC51EAED}.Release|Any CPU.Build.0 = Release|Any CPU
	EndGlobalSection
	GlobalSection(SolutionProperties) = preSolution
		HideSolutionNode = FALSE
	EndGlobalSection
	GlobalSection(NestedProjects) = preSolution
		{7C942346-D945-400C-8BE4-E6114DEA77FB} = {B0D0D712-2C47-41B1-808E-432DF45F590E}
		{C07D880F-AA0D-495B-817B-92565E6BF125} = {3FAA2F91-3525-4995-ADFE-009A3B8AF6CC}
		{6DFC041F-A197-4924-8682-D720BC51EAED} = {CA3C6636-CFC7-452B-9B05-1B70A069B846}
	EndGlobalSection
	GlobalSection(ExtensibilityGlobals) = postSolution
		SolutionGuid = {E9B61A42-5EAF-4AFD-B53C-DC027A0CFFF0}
	EndGlobalSection
EndGlobal
